hash: 71bf1e423733131d7afb9226267eb12622686e42b976ae6f2bc0d85b76d16bfc
updated: 2016-06-09T17:43:34.159054514+02:00
imports:
- name: bitbucket.org/liamstask/goose
  version: ""
  subpackages:
  - lib/goose
- name: github.com/artyom/untar
  version: 02ed5a2449a661eb02b1e3d658524223ab726412
- name: github.com/Azure/go-ansiterm
  version: 6d6c10e59b62bd3d15211c0fc41f9c61e3d8cd0d
  subpackages:
  - winterm
- name: github.com/beorn7/perks
  version: ""
  subpackages:
  - quantile
- name: github.com/BurntSushi/toml
  version: 6d6c10e59b62bd3d15211c0fc41f9c61e3d8cd0d
- name: github.com/codegangsta/negroni
  version: ""
- name: github.com/coreos/go-systemd
  version: ""
  subpackages:
  - journal
- name: github.com/coreos/pkg
  version: ""
  subpackages:
  - capnslog
  - timeutil
- name: github.com/davecgh/go-spew
  version: ""
  subpackages:
  - spew
- name: github.com/docker/distribution
  version: 6d6c10e59b62bd3d15211c0fc41f9c61e3d8cd0d
  subpackages:
  - manifest/schema1
  - digest
  - registry/client
  - context
  - manifest
  - reference
  - registry/api/errcode
  - registry/api/v2
  - registry/client/transport
  - registry/storage/cache
  - registry/storage/cache/memory
  - manifest/manifestlist
  - manifest/schema2
  - registry/client/auth
  - uuid
- name: github.com/docker/docker
  version: ""
  subpackages:
  - api/server/httputils
  - reference
  - cliconfig
  - distribution
  - registry
  - image
  - image/v1
  - opts
  - pkg/archive
  - pkg/fileutils
  - pkg/homedir
  - pkg/stdcopy
  - api
  - distribution/metadata
  - distribution/xfer
  - dockerversion
  - layer
  - pkg/ioutils
  - pkg/progress
  - pkg/stringid
  - pkg/httputils
  - pkg/mflag
  - pkg/tarsum
  - pkg/version
  - pkg/idtools
  - pkg/pools
  - pkg/promise
  - pkg/system
  - pkg/longpath
  - pkg/parsers/kernel
  - pkg/useragent
  - daemon/graphdriver
  - pkg/random
  - pkg/jsonmessage
  - pkg/chrootarchive
  - pkg/plugins
  - pkg/jsonlog
  - pkg/term
  - pkg/reexec
  - pkg/term/windows
- name: github.com/docker/engine-api
  version: 6d6c10e59b62bd3d15211c0fc41f9c61e3d8cd0d
  subpackages:
  - types
  - types/registry
  - types/container
  - types/filters
  - types/network
  - types/blkiodev
  - types/strslice
  - types/versions
- name: github.com/docker/go-connections
  version: 6d6c10e59b62bd3d15211c0fc41f9c61e3d8cd0d
  subpackages:
  - tlsconfig
  - nat
  - sockets
- name: github.com/docker/go-units
  version: 6d6c10e59b62bd3d15211c0fc41f9c61e3d8cd0d
- name: github.com/docker/libtrust
  version: ""
- name: github.com/fatih/color
  version: ""
- name: github.com/fernet/fernet-go
  version: ""
- name: github.com/fsnotify/fsnotify
  version: 6d6c10e59b62bd3d15211c0fc41f9c61e3d8cd0d
- name: github.com/fsouza/go-dockerclient
  version: 6d6c10e59b62bd3d15211c0fc41f9c61e3d8cd0d
- name: github.com/go-sql-driver/mysql
  version: ""
- name: github.com/golang/protobuf
  version: ""
  subpackages:
  - proto
- name: github.com/gorilla/context
  version: ""
- name: github.com/gorilla/mux
  version: ""
- name: github.com/guregu/null
  version: ""
  subpackages:
  - zero
- name: github.com/hashicorp/go-cleanhttp
  version: ad28ea4487f05916463e2423a55166280e8254b5
- name: github.com/hashicorp/golang-lru
  version: ""
  subpackages:
  - simplelru
- name: github.com/hashicorp/hcl
  version: 6d6c10e59b62bd3d15211c0fc41f9c61e3d8cd0d
  subpackages:
  - hcl/ast
  - hcl/parser
  - hcl/token
  - json/parser
  - hcl/scanner
  - hcl/strconv
  - json/scanner
  - json/token
- name: github.com/inconshreveable/mousetrap
  version: ""
- name: github.com/julienschmidt/httprouter
  version: ""
- name: github.com/kr/text
  version: 6d6c10e59b62bd3d15211c0fc41f9c61e3d8cd0d
- name: github.com/kylelemons/go-gypsy
  version: ""
  subpackages:
  - yaml
- name: github.com/lib/pq
  version: ""
  subpackages:
  - oid
- name: github.com/magiconair/properties
  version: 6d6c10e59b62bd3d15211c0fc41f9c61e3d8cd0d
- name: github.com/mattn/go-sqlite3
  version: ""
- name: github.com/matttproud/golang_protobuf_extensions
  version: ""
  subpackages:
  - pbutil
- name: github.com/mholt/archiver
  version: ""
- name: github.com/Microsoft/go-winio
  version: 6d6c10e59b62bd3d15211c0fc41f9c61e3d8cd0d
- name: github.com/mitchellh/mapstructure
  version: ""
- name: github.com/opencontainers/runc
  version: 6d6c10e59b62bd3d15211c0fc41f9c61e3d8cd0d
  subpackages:
  - libcontainer/user
- name: github.com/pborman/uuid
  version: ""
- name: github.com/pmezard/go-difflib
  version: ""
  subpackages:
  - difflib
- name: github.com/prometheus/client_golang
  version: ""
  subpackages:
  - prometheus
- name: github.com/prometheus/client_model
  version: ""
  subpackages:
  - go
- name: github.com/prometheus/common
  version: ""
  subpackages:
  - expfmt
  - internal/bitbucket.org/ww/goautoneg
  - model
- name: github.com/prometheus/procfs
  version: ""
- name: github.com/shiena/ansicolor
  version: 6d6c10e59b62bd3d15211c0fc41f9c61e3d8cd0d
- name: github.com/Sirupsen/logrus
  version: 6d6c10e59b62bd3d15211c0fc41f9c61e3d8cd0d
- name: github.com/spf13/cast
  version: 6d6c10e59b62bd3d15211c0fc41f9c61e3d8cd0d
- name: github.com/spf13/cobra
  version: 6d6c10e59b62bd3d15211c0fc41f9c61e3d8cd0d
- name: github.com/spf13/jwalterweatherman
  version: 6d6c10e59b62bd3d15211c0fc41f9c61e3d8cd0d
- name: github.com/spf13/pflag
  version: ""
- name: github.com/spf13/viper
  version: 6d6c10e59b62bd3d15211c0fc41f9c61e3d8cd0d
- name: github.com/stretchr/testify
  version: ""
  subpackages:
  - assert
- name: github.com/tylerb/graceful
  version: ""
- name: github.com/vbatts/tar-split
  version: 6d6c10e59b62bd3d15211c0fc41f9c61e3d8cd0d
  subpackages:
  - tar/asm
  - tar/storage
  - archive/tar
- name: github.com/ziutek/mymysql
  version: ""
  subpackages:
  - godrv
  - mysql
  - native
- name: golang.org/x/net
  version: ""
  subpackages:
  - netutil
  - context
  - proxy
- name: golang.org/x/sys
  version: 6d6c10e59b62bd3d15211c0fc41f9c61e3d8cd0d
  subpackages:
  - unix
  - windows
- name: gopkg.in/yaml.v2
  version: ""
devImports: []
